
Microsoft Visual Studio Solution File, Format Version 12.00
# Visual Studio 2017
Project("{FAE04EC0-301F-11D3-BF4B-00C04F79EFBC}") = "Honest Dan & Dishonest Craig", "Honest Dan & Dishonest Craig.csproj", "{B1757806-5C07-D6BC-8DE1-9A872C1AAC58}"
EndProject
Global
	GlobalSection(SolutionConfigurationPlatforms) = preSolution
		Debug|Any CPU = Debug|Any CPU
		Release|Any CPU = Release|Any CPU
	EndGlobalSection
	GlobalSection(ProjectConfigurationPlatforms) = postSolution
		{B1757806-5C07-D6BC-8DE1-9A872C1AAC58}.Debug|Any CPU.ActiveCfg = Debug|Any CPU
		{B1757806-5C07-D6BC-8DE1-9A872C1AAC58}.Debug|Any CPU.Build.0 = Debug|Any CPU
		{B1757806-5C07-D6BC-8DE1-9A872C1AAC58}.Release|Any CPU.ActiveCfg = Release|Any CPU
		{B1757806-5C07-D6BC-8DE1-9A872C1AAC58}.Release|Any CPU.Build.0 = Release|Any CPU
	EndGlobalSection
	GlobalSection(SolutionProperties) = preSolution
		HideSolutionNode = FALSE
	EndGlobalSection
EndGlobal
